
Microsoft Visual Studio Solution File, Format Version 12.00
# Visual Studio Version 17
VisualStudioVersion = 17.7.34031.279
MinimumVisualStudioVersion = 10.0.40219.1
Project("{9A19103F-16F7-4668-BE54-9A1E7A4F7556}") = "SistemaGestionEntities", "..\SistemaGestionEntities\SistemaGestionEntities.csproj", "{AAD94DDA-4440-47EC-947D-FDF037400EC7}"
EndProject
Project("{9A19103F-16F7-4668-BE54-9A1E7A4F7556}") = "AppClientUserInterface", "..\AppClientUserInterface\AppClientUserInterface.csproj", "{132F28C9-67FF-491B-B5E7-AEF8607D1F20}"
EndProject
Project("{9A19103F-16F7-4668-BE54-9A1E7A4F7556}") = "AppClientesEntities", "..\AppClientesEntities\AppClientesEntities.csproj", "{0882D7A1-6AB9-47C4-87DA-B47AF3D68DA5}"
EndProject
Project("{9A19103F-16F7-4668-BE54-9A1E7A4F7556}") = "AppClientesData", "..\AppClientes\AppClientesData.csproj", "{5BB9AD38-CA86-4B1C-A2CB-C388675BCD97}"
EndProject
Project("{9A19103F-16F7-4668-BE54-9A1E7A4F7556}") = "AppClientesBussiness", "..\AppClientesBussiness\AppClientesBussiness.csproj", "{416D4F07-C74C-4F86-8E2A-A0CF99CB920A}"
EndProject
Global
	GlobalSection(SolutionConfigurationPlatforms) = preSolution
		Debug|Any CPU = Debug|Any CPU
		Release|Any CPU = Release|Any CPU
	EndGlobalSection
	GlobalSection(ProjectConfigurationPlatforms) = postSolution
		{AAD94DDA-4440-47EC-947D-FDF037400EC7}.Debug|Any CPU.ActiveCfg = Debug|Any CPU
		{AAD94DDA-4440-47EC-947D-FDF037400EC7}.Debug|Any CPU.Build.0 = Debug|Any CPU
		{AAD94DDA-4440-47EC-947D-FDF037400EC7}.Release|Any CPU.ActiveCfg = Release|Any CPU
		{AAD94DDA-4440-47EC-947D-FDF037400EC7}.Release|Any CPU.Build.0 = Release|Any CPU
		{132F28C9-67FF-491B-B5E7-AEF8607D1F20}.Debug|Any CPU.ActiveCfg = Debug|Any CPU
		{132F28C9-67FF-491B-B5E7-AEF8607D1F20}.Debug|Any CPU.Build.0 = Debug|Any CPU
		{132F28C9-67FF-491B-B5E7-AEF8607D1F20}.Release|Any CPU.ActiveCfg = Release|Any CPU
		{132F28C9-67FF-491B-B5E7-AEF8607D1F20}.Release|Any CPU.Build.0 = Release|Any CPU
		{0882D7A1-6AB9-47C4-87DA-B47AF3D68DA5}.Debug|Any CPU.ActiveCfg = Debug|Any CPU
		{0882D7A1-6AB9-47C4-87DA-B47AF3D68DA5}.Debug|Any CPU.Build.0 = Debug|Any CPU
		{0882D7A1-6AB9-47C4-87DA-B47AF3D68DA5}.Release|Any CPU.ActiveCfg = Release|Any CPU
		{0882D7A1-6AB9-47C4-87DA-B47AF3D68DA5}.Release|Any CPU.Build.0 = Release|Any CPU
		{5BB9AD38-CA86-4B1C-A2CB-C388675BCD97}.Debug|Any CPU.ActiveCfg = Debug|Any CPU
		{5BB9AD38-CA86-4B1C-A2CB-C388675BCD97}.Debug|Any CPU.Build.0 = Debug|Any CPU
		{5BB9AD38-CA86-4B1C-A2CB-C388675BCD97}.Release|Any CPU.ActiveCfg = Release|Any CPU
		{5BB9AD38-CA86-4B1C-A2CB-C388675BCD97}.Release|Any CPU.Build.0 = Release|Any CPU
		{416D4F07-C74C-4F86-8E2A-A0CF99CB920A}.Debug|Any CPU.ActiveCfg = Debug|Any CPU
		{416D4F07-C74C-4F86-8E2A-A0CF99CB920A}.Debug|Any CPU.Build.0 = Debug|Any CPU
		{416D4F07-C74C-4F86-8E2A-A0CF99CB920A}.Release|Any CPU.ActiveCfg = Release|Any CPU
		{416D4F07-C74C-4F86-8E2A-A0CF99CB920A}.Release|Any CPU.Build.0 = Release|Any CPU
	EndGlobalSection
	GlobalSection(SolutionProperties) = preSolution
		HideSolutionNode = FALSE
	EndGlobalSection
	GlobalSection(ExtensibilityGlobals) = postSolution
		SolutionGuid = {36DD0C5C-D5BB-484C-9FAA-761DE29C1BAD}
	EndGlobalSection
EndGlobal
